
Microsoft Visual Studio Solution File, Format Version 12.00
# Visual Studio Version 17
VisualStudioVersion = 17.2.32616.157
MinimumVisualStudioVersion = 10.0.40219.1
Project("{FAE04EC0-301F-11D3-BF4B-00C04F79EFBC}") = "eTicket", "eTicket\eTicket.csproj", "{EF336A2B-F3B7-4F39-8A1C-5D7B8EC9F0F0}"
EndProject
Global
	GlobalSection(SolutionConfigurationPlatforms) = preSolution
		Debug|Any CPU = Debug|Any CPU
		Release|Any CPU = Release|Any CPU
	EndGlobalSection
	GlobalSection(ProjectConfigurationPlatforms) = postSolution
		{EF336A2B-F3B7-4F39-8A1C-5D7B8EC9F0F0}.Debug|Any CPU.ActiveCfg = Debug|Any CPU
		{EF336A2B-F3B7-4F39-8A1C-5D7B8EC9F0F0}.Debug|Any CPU.Build.0 = Debug|Any CPU
		{EF336A2B-F3B7-4F39-8A1C-5D7B8EC9F0F0}.Release|Any CPU.ActiveCfg = Release|Any CPU
		{EF336A2B-F3B7-4F39-8A1C-5D7B8EC9F0F0}.Release|Any CPU.Build.0 = Release|Any CPU
	EndGlobalSection
	GlobalSection(SolutionProperties) = preSolution
		HideSolutionNode = FALSE
	EndGlobalSection
	GlobalSection(ExtensibilityGlobals) = postSolution
		SolutionGuid = {FDC8A2ED-7592-439F-8905-B659554DDDB6}
	EndGlobalSection
EndGlobal
